
Microsoft Visual Studio Solution File, Format Version 12.00
# Visual Studio Version 16
VisualStudioVersion = 16.0.28803.202
MinimumVisualStudioVersion = 10.0.40219.1
Project("{FAE04EC0-301F-11D3-BF4B-00C04F79EFBC}") = "Sample05", "Sample05\Sample05.csproj", "{1F96A4A4-E3CC-4E2B-B0C3-39B092443D7B}"
EndProject
Global
	GlobalSection(SolutionConfigurationPlatforms) = preSolution
		Debug|Any CPU = Debug|Any CPU
		Release|Any CPU = Release|Any CPU
	EndGlobalSection
	GlobalSection(ProjectConfigurationPlatforms) = postSolution
		{1F96A4A4-E3CC-4E2B-B0C3-39B092443D7B}.Debug|Any CPU.ActiveCfg = Debug|Any CPU
		{1F96A4A4-E3CC-4E2B-B0C3-39B092443D7B}.Debug|Any CPU.Build.0 = Debug|Any CPU
		{1F96A4A4-E3CC-4E2B-B0C3-39B092443D7B}.Release|Any CPU.ActiveCfg = Release|Any CPU
		{1F96A4A4-E3CC-4E2B-B0C3-39B092443D7B}.Release|Any CPU.Build.0 = Release|Any CPU
	EndGlobalSection
	GlobalSection(SolutionProperties) = preSolution
		HideSolutionNode = FALSE
	EndGlobalSection
	GlobalSection(ExtensibilityGlobals) = postSolution
		SolutionGuid = {E979DCCF-8529-4860-BA45-AFE3F747DC6D}
	EndGlobalSection
EndGlobal
